
Microsoft Visual Studio Solution File, Format Version 12.00
# Blend for Visual Studio Version 17
VisualStudioVersion = 17.8.34316.72
MinimumVisualStudioVersion = 10.0.40219.1
Project("{9A19103F-16F7-4668-BE54-9A1E7A4F7556}") = "AgencyClientGUI", "AgencyClientGUI.csproj", "{BF53238D-4D18-4B00-9D78-665674327DDC}"
EndProject
Global
	GlobalSection(SolutionConfigurationPlatforms) = preSolution
		Debug|Any CPU = Debug|Any CPU
		Debug|x64 = Debug|x64
		Release|Any CPU = Release|Any CPU
		Release|x64 = Release|x64
	EndGlobalSection
	GlobalSection(ProjectConfigurationPlatforms) = postSolution
		{BF53238D-4D18-4B00-9D78-665674327DDC}.Debug|Any CPU.ActiveCfg = Debug|Any CPU
		{BF53238D-4D18-4B00-9D78-665674327DDC}.Debug|Any CPU.Build.0 = Debug|Any CPU
		{BF53238D-4D18-4B00-9D78-665674327DDC}.Debug|x64.ActiveCfg = Debug|x64
		{BF53238D-4D18-4B00-9D78-665674327DDC}.Debug|x64.Build.0 = Debug|x64
		{BF53238D-4D18-4B00-9D78-665674327DDC}.Release|Any CPU.ActiveCfg = Release|Any CPU
		{BF53238D-4D18-4B00-9D78-665674327DDC}.Release|Any CPU.Build.0 = Release|Any CPU
		{BF53238D-4D18-4B00-9D78-665674327DDC}.Release|x64.ActiveCfg = Release|x64
		{BF53238D-4D18-4B00-9D78-665674327DDC}.Release|x64.Build.0 = Release|x64
	EndGlobalSection
	GlobalSection(SolutionProperties) = preSolution
		HideSolutionNode = FALSE
	EndGlobalSection
	GlobalSection(ExtensibilityGlobals) = postSolution
		SolutionGuid = {C51E1ADB-85CB-4559-9E86-94DD150A2D17}
	EndGlobalSection
EndGlobal
